
Microsoft Visual Studio Solution File, Format Version 12.00
# Visual Studio Version 17
VisualStudioVersion = 17.3.32804.467
MinimumVisualStudioVersion = 10.0.40219.1
Project("{9A19103F-16F7-4668-BE54-9A1E7A4F7556}") = "caSvcProducts", "caSvcProducts\caSvcProducts.csproj", "{7AECDD7B-C28D-494A-B797-CE7296F31ADE}"
EndProject
Project("{9A19103F-16F7-4668-BE54-9A1E7A4F7556}") = "caLibProdStat", "caLibProdStat\caLibProdStat.csproj", "{2D26278C-FFCB-4AE4-9AE0-C465394688B6}"
EndProject
Project("{FAE04EC0-301F-11D3-BF4B-00C04F79EFBC}") = "amLogger", "amLogger\amLogger.csproj", "{14A86AC5-33CB-44D6-9B86-233B6580EE49}"
EndProject
Global
	GlobalSection(SolutionConfigurationPlatforms) = preSolution
		Debug|Any CPU = Debug|Any CPU
		Release|Any CPU = Release|Any CPU
	EndGlobalSection
	GlobalSection(ProjectConfigurationPlatforms) = postSolution
		{7AECDD7B-C28D-494A-B797-CE7296F31ADE}.Debug|Any CPU.ActiveCfg = Debug|Any CPU
		{7AECDD7B-C28D-494A-B797-CE7296F31ADE}.Debug|Any CPU.Build.0 = Debug|Any CPU
		{7AECDD7B-C28D-494A-B797-CE7296F31ADE}.Release|Any CPU.ActiveCfg = Release|Any CPU
		{7AECDD7B-C28D-494A-B797-CE7296F31ADE}.Release|Any CPU.Build.0 = Release|Any CPU
		{2D26278C-FFCB-4AE4-9AE0-C465394688B6}.Debug|Any CPU.ActiveCfg = Debug|Any CPU
		{2D26278C-FFCB-4AE4-9AE0-C465394688B6}.Debug|Any CPU.Build.0 = Debug|Any CPU
		{2D26278C-FFCB-4AE4-9AE0-C465394688B6}.Release|Any CPU.ActiveCfg = Release|Any CPU
		{2D26278C-FFCB-4AE4-9AE0-C465394688B6}.Release|Any CPU.Build.0 = Release|Any CPU
		{14A86AC5-33CB-44D6-9B86-233B6580EE49}.Debug|Any CPU.ActiveCfg = Debug|Any CPU
		{14A86AC5-33CB-44D6-9B86-233B6580EE49}.Debug|Any CPU.Build.0 = Debug|Any CPU
		{14A86AC5-33CB-44D6-9B86-233B6580EE49}.Release|Any CPU.ActiveCfg = Release|Any CPU
		{14A86AC5-33CB-44D6-9B86-233B6580EE49}.Release|Any CPU.Build.0 = Release|Any CPU
	EndGlobalSection
	GlobalSection(SolutionProperties) = preSolution
		HideSolutionNode = FALSE
	EndGlobalSection
	GlobalSection(ExtensibilityGlobals) = postSolution
		SolutionGuid = {47CEF035-D070-424B-A665-BA6D3E7275DC}
	EndGlobalSection
EndGlobal
